
Microsoft Visual Studio Solution File, Format Version 12.00
# Visual Studio Version 16
VisualStudioVersion = 16.0.30011.22
MinimumVisualStudioVersion = 10.0.40219.1
Project("{FAE04EC0-301F-11D3-BF4B-00C04F79EFBC}") = "MySQL_Taak_Week2_V2", "MySQL_Taak_Week2_V2\MySQL_Taak_Week2_V2.csproj", "{5B973A0F-B893-48C9-9710-F3A883947ADC}"
EndProject
Global
	GlobalSection(SolutionConfigurationPlatforms) = preSolution
		Debug|Any CPU = Debug|Any CPU
		Release|Any CPU = Release|Any CPU
	EndGlobalSection
	GlobalSection(ProjectConfigurationPlatforms) = postSolution
		{5B973A0F-B893-48C9-9710-F3A883947ADC}.Debug|Any CPU.ActiveCfg = Debug|Any CPU
		{5B973A0F-B893-48C9-9710-F3A883947ADC}.Debug|Any CPU.Build.0 = Debug|Any CPU
		{5B973A0F-B893-48C9-9710-F3A883947ADC}.Release|Any CPU.ActiveCfg = Release|Any CPU
		{5B973A0F-B893-48C9-9710-F3A883947ADC}.Release|Any CPU.Build.0 = Release|Any CPU
	EndGlobalSection
	GlobalSection(SolutionProperties) = preSolution
		HideSolutionNode = FALSE
	EndGlobalSection
	GlobalSection(ExtensibilityGlobals) = postSolution
		SolutionGuid = {8899949E-6C8D-410C-96DA-20F978276B3D}
	EndGlobalSection
EndGlobal
